{
  "name": "TypeScript",
  "version": "1.0.0",
  "lockfileVersion": 1,
  "requires": true,
  "dependencies": {
    "@types/node": {
      "version": "13.13.1",
      "resolved": "https://registry.npm.taobao.org/@types/node/download/@types/node-13.13.1.tgz?cache=0&sync_timestamp=1587401716877&other_urls=https%3A%2F%2Fregistry.npm.taobao.org%2F%40types%2Fnode%2Fdownload%2F%40types%2Fnode-13.13.1.tgz",
      "integrity": "sha1-G6lMWhd6FpJRi/x7Qa7AqhoUNU4="
    }
  }
}
